// !$*UTF8*$!
{
	archiveVersion = 1;
	classes = {
	};
	objectVersion = 50;
	objects = {

/* Begin PBXBuildFile section */
		32628A1C24B655F20073CA3D /* AppDelegate.swift in Sources */ = {isa = PBXBuildFile; fileRef = 32628A1B24B655F20073CA3D /* AppDelegate.swift */; };
		32628A1E24B655F20073CA3D /* SceneDelegate.swift in Sources */ = {isa = PBXBuildFile; fileRef = 32628A1D24B655F20073CA3D /* SceneDelegate.swift */; };
		32628A2024B655F20073CA3D /* ContentView.swift in Sources */ = {isa = PBXBuildFile; fileRef = 32628A1F24B655F20073CA3D /* ContentView.swift */; };
		32628A2224B655F40073CA3D /* Assets.xcassets in Resources */ = {isa = PBXBuildFile; fileRef = 32628A2124B655F40073CA3D /* Assets.xcassets */; };
		32628A2524B655F40073CA3D /* Preview Assets.xcassets in Resources */ = {isa = PBXBuildFile; fileRef = 32628A2424B655F40073CA3D /* Preview Assets.xcassets */; };
		32628A2824B655F40073CA3D /* LaunchScreen.storyboard in Resources */ = {isa = PBXBuildFile; fileRef = 32628A2624B655F40073CA3D /* LaunchScreen.storyboard */; };
		32628A3024B656090073CA3D /* LineGraph.swift in Sources */ = {isa = PBXBuildFile; fileRef = 32628A2F24B656090073CA3D /* LineGraph.swift */; };
/* End PBXBuildFile section */

/* Begin PBXFileReference section */
		32628A1824B655F20073CA3D /* SmoothLineGraph.app */ = {isa = PBXFileReference; explicitFileType = wrapper.application; includeInIndex = 0; path = SmoothLineGraph.app; sourceTree = BUILT_PRODUCTS_DIR; };
		32628A1B24B655F20073CA3D /* AppDelegate.swift */ = {isa = PBXFileReference; lastKnownFileType = sourcecode.swift; path = AppDelegate.swift; sourceTree = "<group>"; };
		32628A1D24B655F20073CA3D /* SceneDelegate.swift */ = {isa = PBXFileReference; lastKnownFileType = sourcecode.swift; path = SceneDelegate.swift; sourceTree = "<group>"; };
		32628A1F24B655F20073CA3D /* ContentView.swift */ = {isa = PBXFileReference; lastKnownFileType = sourcecode.swift; path = ContentView.swift; sourceTree = "<group>"; };
		32628A2124B655F40073CA3D /* Assets.xcassets */ = {isa = PBXFileReference; lastKnownFileType = folder.assetcatalog; path = Assets.xcassets; sourceTree = "<group>"; };
		32628A2424B655F40073CA3D /* Preview Assets.xcassets */ = {isa = PBXFileReference; lastKnownFileType = folder.assetcatalog; path = "Preview Assets.xcassets"; sourceTree = "<group>"; };
		32628A2724B655F40073CA3D /* Base */ = {isa = PBXFileReference; lastKnownFileType = file.storyboard; name = Base; path = Base.lproj/LaunchScreen.storyboard; sourceTree = "<group>"; };
		32628A2924B655F40073CA3D /* Info.plist */ = {isa = PBXFileReference; lastKnownFileType = text.plist.xml; path = Info.plist; sourceTree = "<group>"; };
		32628A2F24B656090073CA3D /* LineGraph.swift */ = {isa = PBXFileReference; fileEncoding = 4; lastKnownFileType = sourcecode.swift; path = LineGraph.swift; sourceTree = "<group>"; };
/* End PBXFileReference section */

/* Begin PBXFrameworksBuildPhase section */
		32628A1524B655F20073CA3D /* Frameworks */ = {
			isa = PBXFrameworksBuildPhase;
			buildActionMask = 2147483647;
			files = (
			);
			runOnlyForDeploymentPostprocessing = 0;
		};
/* End PBXFrameworksBuildPhase section */

/* Begin PBXGroup section */
		32628A0F24B655F20073CA3D = {
			isa = PBXGroup;
			children = (
				32628A1A24B655F20073CA3D /* SmoothLineGraph */,
				32628A1924B655F20073CA3D /* Products */,
			);
			sourceTree = "<group>";
		};
		32628A1924B655F20073CA3D /* Products */ = {
			isa = PBXGroup;
			children = (
				32628A1824B655F20073CA3D /* SmoothLineGraph.app */,
			);
			name = Products;
			sourceTree = "<group>";
		};
		32628A1A24B655F20073CA3D /* SmoothLineGraph */ = {
			isa = PBXGroup;
			children = (
				32628A1B24B655F20073CA3D /* AppDelegate.swift */,
				32628A1D24B655F20073CA3D /* SceneDelegate.swift */,
				32628A1F24B655F20073CA3D /* ContentView.swift */,
				32628A2124B655F40073CA3D /* Assets.xcassets */,
				32628A2624B655F40073CA3D /* LaunchScreen.storyboard */,
				32628A2924B655F40073CA3D /* Info.plist */,
				32628A2F24B656090073CA3D /* LineGraph.swift */,
				32628A2324B655F40073CA3D /* Preview Content */,
			);
			path = SmoothLineGraph;
			sourceTree = "<group>";
		};
		32628A2324B655F40073CA3D /* Preview Content */ = {
			isa = PBXGroup;
			children = (
				32628A2424B655F40073CA3D /* Preview Assets.xcassets */,
			);
			path = "Preview Content";
			sourceTree = "<group>";
		};
/* End PBXGroup section */

/* Begin PBXNativeTarget section */
		32628A1724B655F20073CA3D /* SmoothLineGraph */ = {
			isa = PBXNativeTarget;
			buildConfigurationList = 32628A2C24B655F40073CA3D /* Build configuration list for PBXNativeTarget "SmoothLineGraph" */;
			buildPhases = (
				32628A1424B655F20073CA3D /* Sources */,
				32628A1524B655F20073CA3D /* Frameworks */,
				32628A1624B655F20073CA3D /* Resources */,
			);
			buildRules = (
			);
			dependencies = (
			);
			name = SmoothLineGraph;
			productName = SmoothLineGraph;
			productReference = 32628A1824B655F20073CA3D /* SmoothLineGraph.app */;
			productType = "com.apple.product-type.application";
		};
/* End PBXNativeTarget section */

/* Begin PBXProject section */
		32628A1024B655F20073CA3D /* Project object */ = {
			isa = PBXProject;
			attributes = {
				LastSwiftUpdateCheck = 1150;
				LastUpgradeCheck = 1150;
				ORGANIZATIONNAME = "Matt Selby";
				TargetAttributes = {
					32628A1724B655F20073CA3D = {
						CreatedOnToolsVersion = 11.5;
					};
				};
			};
			buildConfigurationList = 32628A1324B655F20073CA3D /* Build configuration list for PBXProject "SmoothLineGraph" */;
			compatibilityVersion = "Xcode 9.3";
			developmentRegion = en;
			hasScannedForEncodings = 0;
			knownRegions = (
				en,
				Base,
			);
			mainGroup = 32628A0F24B655F20073CA3D;
			productRefGroup = 32628A1924B655F20073CA3D /* Products */;
			projectDirPath = "";
			projectRoot = "";
			targets = (
				32628A1724B655F20073CA3D /* SmoothLineGraph */,
			);
		};
/* End PBXProject section */

/* Begin PBXResourcesBuildPhase section */
		32628A1624B655F20073CA3D /* Resources */ = {
			isa = PBXResourcesBuildPhase;
			buildActionMask = 2147483647;
			files = (
				32628A2824B655F40073CA3D /* LaunchScreen.storyboard in Resources */,
				32628A2524B655F40073CA3D /* Preview Assets.xcassets in Resources */,
				32628A2224B655F40073CA3D /* Assets.xcassets in Resources */,
			);
			runOnlyForDeploymentPostprocessing = 0;
		};
/* End PBXResourcesBuildPhase section */

/* Begin PBXSourcesBuildPhase section */
		32628A1424B655F20073CA3D /* Sources */ = {
			isa = PBXSourcesBuildPhase;
			buildActionMask = 2147483647;
			files = (
				32628A3024B656090073CA3D /* LineGraph.swift in Sources */,
				32628A1C24B655F20073CA3D /* AppDelegate.swift in Sources */,
				32628A1E24B655F20073CA3D /* SceneDelegate.swift in Sources */,
				32628A2024B655F20073CA3D /* ContentView.swift in Sources */,
			);
			runOnlyForDeploymentPostprocessing = 0;
		};
/* End PBXSourcesBuildPhase section */

/* Begin PBXVariantGroup section */
		32628A2624B655F40073CA3D /* LaunchScreen.storyboard */ = {
			isa = PBXVariantGroup;
			children = (
				32628A2724B655F40073CA3D /* Base */,
			);
			name = LaunchScreen.storyboard;
			sourceTree = "<group>";
		};
/* End PBXVariantGroup section */

/* Begin XCBuildConfiguration section */
		32628A2A24B655F40073CA3D /* Debug */ = {
			isa = XCBuildConfiguration;
			buildSettings = {
				ALWAYS_SEARCH_USER_PATHS = NO;
				CLANG_ANALYZER_NONNULL = YES;
				CLANG_ANALYZER_NUMBER_OBJECT_CONVERSION = YES_AGGRESSIVE;
				CLANG_CXX_LANGUAGE_STANDARD = "gnu++14";
				CLANG_CXX_LIBRARY = "libc++";
				CLANG_ENABLE_MODULES = YES;
				CLANG_ENABLE_OBJC_ARC = YES;
				CLANG_ENABLE_OBJC_WEAK = YES;
				CLANG_WARN_BLOCK_CAPTURE_AUTORELEASING = YES;
				CLANG_WARN_BOOL_CONVERSION = YES;
				CLANG_WARN_COMMA = YES;
				CLANG_WARN_CONSTANT_CONVERSION = YES;
				CLANG_WARN_DEPRECATED_OBJC_IMPLEMENTATIONS = YES;
				CLANG_WARN_DIRECT_OBJC_ISA_USAGE = YES_ERROR;
				CLANG_WARN_DOCUMENTATION_COMMENTS = YES;
				CLANG_WARN_EMPTY_BODY = YES;
				CLANG_WARN_ENUM_CONVERSION = YES;
				CLANG_WARN_INFINITE_RECURSION = YES;
				CLANG_WARN_INT_CONVERSION = YES;
				CLANG_WARN_NON_LITERAL_NULL_CONVERSION = YES;
				CLANG_WARN_OBJC_IMPLICIT_RETAIN_SELF = YES;
				CLANG_WARN_OBJC_LITERAL_CONVERSION = YES;
				CLANG_WARN_OBJC_ROOT_CLASS = YES_ERROR;
				CLANG_WARN_RANGE_LOOP_ANALYSIS = YES;
				CLANG_WARN_STRICT_PROTOTYPES = YES;
				CLANG_WARN_SUSPICIOUS_MOVE = YES;
				CLANG_WARN_UNGUARDED_AVAILABILITY = YES_AGGRESSIVE;
				CLANG_WARN_UNREACHABLE_CODE = YES;
				CLANG_WARN__DUPLICATE_METHOD_MATCH = YES;
				COPY_PHASE_STRIP = NO;
				DEBUG_INFORMATION_FORMAT = dwarf;
				ENABLE_STRICT_OBJC_MSGSEND = YES;
				ENABLE_TESTABILITY = YES;
				GCC_C_LANGUAGE_STANDARD = gnu11;
				GCC_DYNAMIC_NO_PIC = NO;
				GCC_NO_COMMON_BLOCKS = YES;
				GCC_OPTIMIZATION_LEVEL = 0;
				GCC_PREPROCESSOR_DEFINITIONS = (
					"DEBUG=1",
					"$(inherited)",
				);
				GCC_WARN_64_TO_32_BIT_CONVERSION = YES;
				GCC_WARN_ABOUT_RETURN_TYPE = YES_ERROR;
				GCC_WARN_UNDECLARED_SELECTOR = YES;
				GCC_WARN_UNINITIALIZED_AUTOS = YES_AGGRESSIVE;
				GCC_WARN_UNUSED_FUNCTION = YES;
				GCC_WARN_UNUSED_VARIABLE = YES;
				IPHONEOS_DEPLOYMENT_TARGET = 13.5;
				MTL_ENABLE_DEBUG_INFO = INCLUDE_SOURCE;
				MTL_FAST_MATH = YES;
				ONLY_ACTIVE_ARCH = YES;
				SDKROOT = iphoneos;
				SWIFT_ACTIVE_COMPILATION_CONDITIONS = DEBUG;
				SWIFT_OPTIMIZATION_LEVEL = "-Onone";
			};
			name = Debug;
		};
		32628A2B24B655F40073CA3D /* Release */ = {
			isa = XCBuildConfiguration;
			buildSettings = {
				ALWAYS_SEARCH_USER_PATHS = NO;
				CLANG_ANALYZER_NONNULL = YES;
				CLANG_ANALYZER_NUMBER_OBJECT_CONVERSION = YES_AGGRESSIVE;
				CLANG_CXX_LANGUAGE_STANDARD = "gnu++14";
				CLANG_CXX_LIBRARY = "libc++";
				CLANG_ENABLE_MODULES = YES;
				CLANG_ENABLE_OBJC_ARC = YES;
				CLANG_ENABLE_OBJC_WEAK = YES;
				CLANG_WARN_BLOCK_CAPTURE_AUTORELEASING = YES;
				CLANG_WARN_BOOL_CONVERSION = YES;
				CLANG_WARN_COMMA = YES;
				CLANG_WARN_CONSTANT_CONVERSION = YES;
				CLANG_WARN_DEPRECATED_OBJC_IMPLEMENTATIONS = YES;
				CLANG_WARN_DIRECT_OBJC_ISA_USAGE = YES_ERROR;
				CLANG_WARN_DOCUMENTATION_COMMENTS = YES;
				CLANG_WARN_EMPTY_BODY = YES;
				CLANG_WARN_ENUM_CONVERSION = YES;
				CLANG_WARN_INFINITE_RECURSION = YES;
				CLANG_WARN_INT_CONVERSION = YES;
				CLANG_WARN_NON_LITERAL_NULL_CONVERSION = YES;
				CLANG_WARN_OBJC_IMPLICIT_RETAIN_SELF = YES;
				CLANG_WARN_OBJC_LITERAL_CONVERSION = YES;
				CLANG_WARN_OBJC_ROOT_CLASS = YES_ERROR;
				CLANG_WARN_RANGE_LOOP_ANALYSIS = YES;
				CLANG_WARN_STRICT_PROTOTYPES = YES;
				CLANG_WARN_SUSPICIOUS_MOVE = YES;
				CLANG_WARN_UNGUARDED_AVAILABILITY = YES_AGGRESSIVE;
				CLANG_WARN_UNREACHABLE_CODE = YES;
				CLANG_WARN__DUPLICATE_METHOD_MATCH = YES;
				COPY_PHASE_STRIP = NO;
				DEBUG_INFORMATION_FORMAT = "dwarf-with-dsym";
				ENABLE_NS_ASSERTIONS = NO;
				ENABLE_STRICT_OBJC_MSGSEND = YES;
				GCC_C_LANGUAGE_STANDARD = gnu11;
				GCC_NO_COMMON_BLOCKS = YES;
				GCC_WARN_64_TO_32_BIT_CONVERSION = YES;
				GCC_WARN_ABOUT_RETURN_TYPE = YES_ERROR;
				GCC_WARN_UNDECLARED_SELECTOR = YES;
				GCC_WARN_UNINITIALIZED_AUTOS = YES_AGGRESSIVE;
				GCC_WARN_UNUSED_FUNCTION = YES;
				GCC_WARN_UNUSED_VARIABLE = YES;
				IPHONEOS_DEPLOYMENT_TARGET = 13.5;
				MTL_ENABLE_DEBUG_INFO = NO;
				MTL_FAST_MATH = YES;
				SDKROOT = iphoneos;
				SWIFT_COMPILATION_MODE = wholemodule;
				SWIFT_OPTIMIZATION_LEVEL = "-O";
				VALIDATE_PRODUCT = YES;
			};
			name = Release;
		};
		32628A2D24B655F40073CA3D /* Debug */ = {
			isa = XCBuildConfiguration;
			buildSettings = {
				ASSETCATALOG_COMPILER_APPICON_NAME = AppIcon;
				CODE_SIGN_STYLE = Automatic;
				DEVELOPMENT_ASSET_PATHS = "\"SmoothLineGraph/Preview Content\"";
				ENABLE_PREVIEWS = YES;
				INFOPLIST_FILE = SmoothLineGraph/Info.plist;
				LD_RUNPATH_SEARCH_PATHS = (
					"$(inherited)",
					"@executable_path/Frameworks",
				);
				PRODUCT_BUNDLE_IDENTIFIER = com.mattselby.SmoothLineGraph;
				PRODUCT_NAME = "$(TARGET_NAME)";
				SWIFT_VERSION = 5.0;
				TARGETED_DEVICE_FAMILY = "1,2";
			};
			name = Debug;
		};
		32628A2E24B655F40073CA3D /* Release */ = {
			isa = XCBuildConfiguration;
			buildSettings = {
				ASSETCATALOG_COMPILER_APPICON_NAME = AppIcon;
				CODE_SIGN_STYLE = Automatic;
				DEVELOPMENT_ASSET_PATHS = "\"SmoothLineGraph/Preview Content\"";
				ENABLE_PREVIEWS = YES;
				INFOPLIST_FILE = SmoothLineGraph/Info.plist;
				LD_RUNPATH_SEARCH_PATHS = (
					"$(inherited)",
					"@executable_path/Frameworks",
				);
				PRODUCT_BUNDLE_IDENTIFIER = com.mattselby.SmoothLineGraph;
				PRODUCT_NAME = "$(TARGET_NAME)";
				SWIFT_VERSION = 5.0;
				TARGETED_DEVICE_FAMILY = "1,2";
			};
			name = Release;
		};
/* End XCBuildConfiguration section */

/* Begin XCConfigurationList section */
		32628A1324B655F20073CA3D /* Build configuration list for PBXProject "SmoothLineGraph" */ = {
			isa = XCConfigurationList;
			buildConfigurations = (
				32628A2A24B655F40073CA3D /* Debug */,
				32628A2B24B655F40073CA3D /* Release */,
			);
			defaultConfigurationIsVisible = 0;
			defaultConfigurationName = Release;
		};
		32628A2C24B655F40073CA3D /* Build configuration list for PBXNativeTarget "SmoothLineGraph" */ = {
			isa = XCConfigurationList;
			buildConfigurations = (
				32628A2D24B655F40073CA3D /* Debug */,
				32628A2E24B655F40073CA3D /* Release */,
			);
			defaultConfigurationIsVisible = 0;
			defaultConfigurationName = Release;
		};
/* End XCConfigurationList section */
	};
	rootObject = 32628A1024B655F20073CA3D /* Project object */;
}
